// !$*UTF8*$!
{
	archiveVersion = 1;
	classes = {
	};
	objectVersion = 51;
	objects = {

/* Begin PBXBuildFile section */
		554318CBADDA7566554F72B7 /* Pods_segment_test.framework in Frameworks */ = {isa = PBXBuildFile; fileRef = 825503C03A06BEA13891EE92 /* Pods_segment_test.framework */; };
		6D0818862326F99800A95F9A /* AppDelegate.swift in Sources */ = {isa = PBXBuildFile; fileRef = 6D0818852326F99800A95F9A /* AppDelegate.swift */; };
		6D0818882326F99800A95F9A /* ViewController.swift in Sources */ = {isa = PBXBuildFile; fileRef = 6D0818872326F99800A95F9A /* ViewController.swift */; };
		6D08188B2326F99800A95F9A /* Main.storyboard in Resources */ = {isa = PBXBuildFile; fileRef = 6D0818892326F99800A95F9A /* Main.storyboard */; };
		6D08188D2326F99B00A95F9A /* Assets.xcassets in Resources */ = {isa = PBXBuildFile; fileRef = 6D08188C2326F99B00A95F9A /* Assets.xcassets */; };
		6D0818902326F99B00A95F9A /* LaunchScreen.storyboard in Resources */ = {isa = PBXBuildFile; fileRef = 6D08188E2326F99B00A95F9A /* LaunchScreen.storyboard */; };
		6D7553262328EFDF00A72D02 /* KFSegmentedView.framework in Frameworks */ = {isa = PBXBuildFile; fileRef = 6D7553252328EFDF00A72D02 /* KFSegmentedView.framework */; };
/* End PBXBuildFile section */

/* Begin PBXFileReference section */
		35FE14C9283108E526956018 /* Pods-segment-test.release.xcconfig */ = {isa = PBXFileReference; includeInIndex = 1; lastKnownFileType = text.xcconfig; name = "Pods-segment-test.release.xcconfig"; path = "Target Support Files/Pods-segment-test/Pods-segment-test.release.xcconfig"; sourceTree = "<group>"; };
		6D0818822326F99800A95F9A /* segment-test.app */ = {isa = PBXFileReference; explicitFileType = wrapper.application; includeInIndex = 0; path = "segment-test.app"; sourceTree = BUILT_PRODUCTS_DIR; };
		6D0818852326F99800A95F9A /* AppDelegate.swift */ = {isa = PBXFileReference; lastKnownFileType = sourcecode.swift; path = AppDelegate.swift; sourceTree = "<group>"; };
		6D0818872326F99800A95F9A /* ViewController.swift */ = {isa = PBXFileReference; lastKnownFileType = sourcecode.swift; path = ViewController.swift; sourceTree = "<group>"; };
		6D08188A2326F99800A95F9A /* Base */ = {isa = PBXFileReference; lastKnownFileType = file.storyboard; name = Base; path = Base.lproj/Main.storyboard; sourceTree = "<group>"; };
		6D08188C2326F99B00A95F9A /* Assets.xcassets */ = {isa = PBXFileReference; lastKnownFileType = folder.assetcatalog; path = Assets.xcassets; sourceTree = "<group>"; };
		6D08188F2326F99B00A95F9A /* Base */ = {isa = PBXFileReference; lastKnownFileType = file.storyboard; name = Base; path = Base.lproj/LaunchScreen.storyboard; sourceTree = "<group>"; };
		6D0818912326F99B00A95F9A /* Info.plist */ = {isa = PBXFileReference; lastKnownFileType = text.plist.xml; path = Info.plist; sourceTree = "<group>"; };
		6D7553252328EFDF00A72D02 /* KFSegmentedView.framework */ = {isa = PBXFileReference; explicitFileType = wrapper.framework; path = KFSegmentedView.framework; sourceTree = BUILT_PRODUCTS_DIR; };
		825503C03A06BEA13891EE92 /* Pods_segment_test.framework */ = {isa = PBXFileReference; explicitFileType = wrapper.framework; includeInIndex = 0; path = Pods_segment_test.framework; sourceTree = BUILT_PRODUCTS_DIR; };
		EB74DC2ED492ED00171E41DA /* Pods-segment-test.debug.xcconfig */ = {isa = PBXFileReference; includeInIndex = 1; lastKnownFileType = text.xcconfig; name = "Pods-segment-test.debug.xcconfig"; path = "Target Support Files/Pods-segment-test/Pods-segment-test.debug.xcconfig"; sourceTree = "<group>"; };
/* End PBXFileReference section */

/* Begin PBXFrameworksBuildPhase section */
		6D08187F2326F99800A95F9A /* Frameworks */ = {
			isa = PBXFrameworksBuildPhase;
			buildActionMask = 2147483647;
			files = (
				6D7553262328EFDF00A72D02 /* KFSegmentedView.framework in Frameworks */,
				554318CBADDA7566554F72B7 /* Pods_segment_test.framework in Frameworks */,
			);
			runOnlyForDeploymentPostprocessing = 0;
		};
/* End PBXFrameworksBuildPhase section */

/* Begin PBXGroup section */
		4CE2BE07F1F3AABF2251B6AE /* Pods */ = {
			isa = PBXGroup;
			children = (
				EB74DC2ED492ED00171E41DA /* Pods-segment-test.debug.xcconfig */,
				35FE14C9283108E526956018 /* Pods-segment-test.release.xcconfig */,
			);
			path = Pods;
			sourceTree = "<group>";
		};
		6511E67EB4ED825ED658C9F2 /* Frameworks */ = {
			isa = PBXGroup;
			children = (
				6D7553252328EFDF00A72D02 /* KFSegmentedView.framework */,
				825503C03A06BEA13891EE92 /* Pods_segment_test.framework */,
			);
			name = Frameworks;
			sourceTree = "<group>";
		};
		6D0818792326F99800A95F9A = {
			isa = PBXGroup;
			children = (
				6D0818842326F99800A95F9A /* segment-test */,
				6D0818832326F99800A95F9A /* Products */,
				4CE2BE07F1F3AABF2251B6AE /* Pods */,
				6511E67EB4ED825ED658C9F2 /* Frameworks */,
			);
			sourceTree = "<group>";
		};
		6D0818832326F99800A95F9A /* Products */ = {
			isa = PBXGroup;
			children = (
				6D0818822326F99800A95F9A /* segment-test.app */,
			);
			name = Products;
			sourceTree = "<group>";
		};
		6D0818842326F99800A95F9A /* segment-test */ = {
			isa = PBXGroup;
			children = (
				6D0818852326F99800A95F9A /* AppDelegate.swift */,
				6D0818872326F99800A95F9A /* ViewController.swift */,
				6D0818892326F99800A95F9A /* Main.storyboard */,
				6D08188C2326F99B00A95F9A /* Assets.xcassets */,
				6D08188E2326F99B00A95F9A /* LaunchScreen.storyboard */,
				6D0818912326F99B00A95F9A /* Info.plist */,
			);
			path = "segment-test";
			sourceTree = "<group>";
		};
/* End PBXGroup section */

/* Begin PBXNativeTarget section */
		6D0818812326F99800A95F9A /* segment-test */ = {
			isa = PBXNativeTarget;
			buildConfigurationList = 6D0818942326F99B00A95F9A /* Build configuration list for PBXNativeTarget "segment-test" */;
			buildPhases = (
				40AF1866E886E2505FA68B59 /* [CP] Check Pods Manifest.lock */,
				6D08187E2326F99800A95F9A /* Sources */,
				6D08187F2326F99800A95F9A /* Frameworks */,
				6D0818802326F99800A95F9A /* Resources */,
				D47BAAADAA0F822E2FED9F6A /* [CP] Embed Pods Frameworks */,
			);
			buildRules = (
			);
			dependencies = (
			);
			name = "segment-test";
			productName = "segment-test";
			productReference = 6D0818822326F99800A95F9A /* segment-test.app */;
			productType = "com.apple.product-type.application";
		};
/* End PBXNativeTarget section */

/* Begin PBXProject section */
		6D08187A2326F99800A95F9A /* Project object */ = {
			isa = PBXProject;
			attributes = {
				LastSwiftUpdateCheck = 1030;
				LastUpgradeCheck = 1030;
				ORGANIZATIONNAME = "Hootan Moradi";
				TargetAttributes = {
					6D0818812326F99800A95F9A = {
						CreatedOnToolsVersion = 10.3;
					};
				};
			};
			buildConfigurationList = 6D08187D2326F99800A95F9A /* Build configuration list for PBXProject "segment-test" */;
			compatibilityVersion = "Xcode 9.3";
			developmentRegion = en;
			hasScannedForEncodings = 0;
			knownRegions = (
				en,
				Base,
			);
			mainGroup = 6D0818792326F99800A95F9A;
			productRefGroup = 6D0818832326F99800A95F9A /* Products */;
			projectDirPath = "";
			projectRoot = "";
			targets = (
				6D0818812326F99800A95F9A /* segment-test */,
			);
		};
/* End PBXProject section */

/* Begin PBXResourcesBuildPhase section */
		6D0818802326F99800A95F9A /* Resources */ = {
			isa = PBXResourcesBuildPhase;
			buildActionMask = 2147483647;
			files = (
				6D0818902326F99B00A95F9A /* LaunchScreen.storyboard in Resources */,
				6D08188D2326F99B00A95F9A /* Assets.xcassets in Resources */,
				6D08188B2326F99800A95F9A /* Main.storyboard in Resources */,
			);
			runOnlyForDeploymentPostprocessing = 0;
		};
/* End PBXResourcesBuildPhase section */

/* Begin PBXShellScriptBuildPhase section */
		40AF1866E886E2505FA68B59 /* [CP] Check Pods Manifest.lock */ = {
			isa = PBXShellScriptBuildPhase;
			buildActionMask = 2147483647;
			files = (
			);
			inputFileListPaths = (
			);
			inputPaths = (
				"${PODS_PODFILE_DIR_PATH}/Podfile.lock",
				"${PODS_ROOT}/Manifest.lock",
			);
			name = "[CP] Check Pods Manifest.lock";
			outputFileListPaths = (
			);
			outputPaths = (
				"$(DERIVED_FILE_DIR)/Pods-segment-test-checkManifestLockResult.txt",
			);
			runOnlyForDeploymentPostprocessing = 0;
			shellPath = /bin/sh;
			shellScript = "diff \"${PODS_PODFILE_DIR_PATH}/Podfile.lock\" \"${PODS_ROOT}/Manifest.lock\" > /dev/null\nif [ $? != 0 ] ; then\n    # print error to STDERR\n    echo \"error: The sandbox is not in sync with the Podfile.lock. Run 'pod install' or update your CocoaPods installation.\" >&2\n    exit 1\nfi\n# This output is used by Xcode 'outputs' to avoid re-running this script phase.\necho \"SUCCESS\" > \"${SCRIPT_OUTPUT_FILE_0}\"\n";
			showEnvVarsInLog = 0;
		};
		D47BAAADAA0F822E2FED9F6A /* [CP] Embed Pods Frameworks */ = {
			isa = PBXShellScriptBuildPhase;
			buildActionMask = 2147483647;
			files = (
			);
			inputFileListPaths = (
				"${PODS_ROOT}/Target Support Files/Pods-segment-test/Pods-segment-test-frameworks-${CONFIGURATION}-input-files.xcfilelist",
			);
			name = "[CP] Embed Pods Frameworks";
			outputFileListPaths = (
				"${PODS_ROOT}/Target Support Files/Pods-segment-test/Pods-segment-test-frameworks-${CONFIGURATION}-output-files.xcfilelist",
			);
			runOnlyForDeploymentPostprocessing = 0;
			shellPath = /bin/sh;
			shellScript = "\"${PODS_ROOT}/Target Support Files/Pods-segment-test/Pods-segment-test-frameworks.sh\"\n";
			showEnvVarsInLog = 0;
		};
/* End PBXShellScriptBuildPhase section */

/* Begin PBXSourcesBuildPhase section */
		6D08187E2326F99800A95F9A /* Sources */ = {
			isa = PBXSourcesBuildPhase;
			buildActionMask = 2147483647;
			files = (
				6D0818882326F99800A95F9A /* ViewController.swift in Sources */,
				6D0818862326F99800A95F9A /* AppDelegate.swift in Sources */,
			);
			runOnlyForDeploymentPostprocessing = 0;
		};
/* End PBXSourcesBuildPhase section */

/* Begin PBXVariantGroup section */
		6D0818892326F99800A95F9A /* Main.storyboard */ = {
			isa = PBXVariantGroup;
			children = (
				6D08188A2326F99800A95F9A /* Base */,
			);
			name = Main.storyboard;
			sourceTree = "<group>";
		};
		6D08188E2326F99B00A95F9A /* LaunchScreen.storyboard */ = {
			isa = PBXVariantGroup;
			children = (
				6D08188F2326F99B00A95F9A /* Base */,
			);
			name = LaunchScreen.storyboard;
			sourceTree = "<group>";
		};
/* End PBXVariantGroup section */

/* Begin XCBuildConfiguration section */
		6D0818922326F99B00A95F9A /* Debug */ = {
			isa = XCBuildConfiguration;
			buildSettings = {
				ALWAYS_SEARCH_USER_PATHS = NO;
				CLANG_ANALYZER_NONNULL = YES;
				CLANG_ANALYZER_NUMBER_OBJECT_CONVERSION = YES_AGGRESSIVE;
				CLANG_CXX_LANGUAGE_STANDARD = "gnu++14";
				CLANG_CXX_LIBRARY = "libc++";
				CLANG_ENABLE_MODULES = YES;
				CLANG_ENABLE_OBJC_ARC = YES;
				CLANG_ENABLE_OBJC_WEAK = YES;
				CLANG_WARN_BLOCK_CAPTURE_AUTORELEASING = YES;
				CLANG_WARN_BOOL_CONVERSION = YES;
				CLANG_WARN_COMMA = YES;
				CLANG_WARN_CONSTANT_CONVERSION = YES;
				CLANG_WARN_DEPRECATED_OBJC_IMPLEMENTATIONS = YES;
				CLANG_WARN_DIRECT_OBJC_ISA_USAGE = YES_ERROR;
				CLANG_WARN_DOCUMENTATION_COMMENTS = YES;
				CLANG_WARN_EMPTY_BODY = YES;
				CLANG_WARN_ENUM_CONVERSION = YES;
				CLANG_WARN_INFINITE_RECURSION = YES;
				CLANG_WARN_INT_CONVERSION = YES;
				CLANG_WARN_NON_LITERAL_NULL_CONVERSION = YES;
				CLANG_WARN_OBJC_IMPLICIT_RETAIN_SELF = YES;
				CLANG_WARN_OBJC_LITERAL_CONVERSION = YES;
				CLANG_WARN_OBJC_ROOT_CLASS = YES_ERROR;
				CLANG_WARN_RANGE_LOOP_ANALYSIS = YES;
				CLANG_WARN_STRICT_PROTOTYPES = YES;
				CLANG_WARN_SUSPICIOUS_MOVE = YES;
				CLANG_WARN_UNGUARDED_AVAILABILITY = YES_AGGRESSIVE;
				CLANG_WARN_UNREACHABLE_CODE = YES;
				CLANG_WARN__DUPLICATE_METHOD_MATCH = YES;
				CODE_SIGN_IDENTITY = "iPhone Developer";
				COPY_PHASE_STRIP = NO;
				DEBUG_INFORMATION_FORMAT = dwarf;
				ENABLE_STRICT_OBJC_MSGSEND = YES;
				ENABLE_TESTABILITY = YES;
				GCC_C_LANGUAGE_STANDARD = gnu11;
				GCC_DYNAMIC_NO_PIC = NO;
				GCC_NO_COMMON_BLOCKS = YES;
				GCC_OPTIMIZATION_LEVEL = 0;
				GCC_PREPROCESSOR_DEFINITIONS = (
					"DEBUG=1",
					"$(inherited)",
				);
				GCC_WARN_64_TO_32_BIT_CONVERSION = YES;
				GCC_WARN_ABOUT_RETURN_TYPE = YES_ERROR;
				GCC_WARN_UNDECLARED_SELECTOR = YES;
				GCC_WARN_UNINITIALIZED_AUTOS = YES_AGGRESSIVE;
				GCC_WARN_UNUSED_FUNCTION = YES;
				GCC_WARN_UNUSED_VARIABLE = YES;
				IPHONEOS_DEPLOYMENT_TARGET = 12.4;
				MTL_ENABLE_DEBUG_INFO = INCLUDE_SOURCE;
				MTL_FAST_MATH = YES;
				ONLY_ACTIVE_ARCH = YES;
				SDKROOT = iphoneos;
				SWIFT_ACTIVE_COMPILATION_CONDITIONS = DEBUG;
				SWIFT_OPTIMIZATION_LEVEL = "-Onone";
			};
			name = Debug;
		};
		6D0818932326F99B00A95F9A /* Release */ = {
			isa = XCBuildConfiguration;
			buildSettings = {
				ALWAYS_SEARCH_USER_PATHS = NO;
				CLANG_ANALYZER_NONNULL = YES;
				CLANG_ANALYZER_NUMBER_OBJECT_CONVERSION = YES_AGGRESSIVE;
				CLANG_CXX_LANGUAGE_STANDARD = "gnu++14";
				CLANG_CXX_LIBRARY = "libc++";
				CLANG_ENABLE_MODULES = YES;
				CLANG_ENABLE_OBJC_ARC = YES;
				CLANG_ENABLE_OBJC_WEAK = YES;
				CLANG_WARN_BLOCK_CAPTURE_AUTORELEASING = YES;
				CLANG_WARN_BOOL_CONVERSION = YES;
				CLANG_WARN_COMMA = YES;
				CLANG_WARN_CONSTANT_CONVERSION = YES;
				CLANG_WARN_DEPRECATED_OBJC_IMPLEMENTATIONS = YES;
				CLANG_WARN_DIRECT_OBJC_ISA_USAGE = YES_ERROR;
				CLANG_WARN_DOCUMENTATION_COMMENTS = YES;
				CLANG_WARN_EMPTY_BODY = YES;
				CLANG_WARN_ENUM_CONVERSION = YES;
				CLANG_WARN_INFINITE_RECURSION = YES;
				CLANG_WARN_INT_CONVERSION = YES;
				CLANG_WARN_NON_LITERAL_NULL_CONVERSION = YES;
				CLANG_WARN_OBJC_IMPLICIT_RETAIN_SELF = YES;
				CLANG_WARN_OBJC_LITERAL_CONVERSION = YES;
				CLANG_WARN_OBJC_ROOT_CLASS = YES_ERROR;
				CLANG_WARN_RANGE_LOOP_ANALYSIS = YES;
				CLANG_WARN_STRICT_PROTOTYPES = YES;
				CLANG_WARN_SUSPICIOUS_MOVE = YES;
				CLANG_WARN_UNGUARDED_AVAILABILITY = YES_AGGRESSIVE;
				CLANG_WARN_UNREACHABLE_CODE = YES;
				CLANG_WARN__DUPLICATE_METHOD_MATCH = YES;
				CODE_SIGN_IDENTITY = "iPhone Developer";
				COPY_PHASE_STRIP = NO;
				DEBUG_INFORMATION_FORMAT = "dwarf-with-dsym";
				ENABLE_NS_ASSERTIONS = NO;
				ENABLE_STRICT_OBJC_MSGSEND = YES;
				GCC_C_LANGUAGE_STANDARD = gnu11;
				GCC_NO_COMMON_BLOCKS = YES;
				GCC_WARN_64_TO_32_BIT_CONVERSION = YES;
				GCC_WARN_ABOUT_RETURN_TYPE = YES_ERROR;
				GCC_WARN_UNDECLARED_SELECTOR = YES;
				GCC_WARN_UNINITIALIZED_AUTOS = YES_AGGRESSIVE;
				GCC_WARN_UNUSED_FUNCTION = YES;
				GCC_WARN_UNUSED_VARIABLE = YES;
				IPHONEOS_DEPLOYMENT_TARGET = 12.4;
				MTL_ENABLE_DEBUG_INFO = NO;
				MTL_FAST_MATH = YES;
				SDKROOT = iphoneos;
				SWIFT_COMPILATION_MODE = wholemodule;
				SWIFT_OPTIMIZATION_LEVEL = "-O";
				VALIDATE_PRODUCT = YES;
			};
			name = Release;
		};
		6D0818952326F99B00A95F9A /* Debug */ = {
			isa = XCBuildConfiguration;
			baseConfigurationReference = EB74DC2ED492ED00171E41DA /* Pods-segment-test.debug.xcconfig */;
			buildSettings = {
				ASSETCATALOG_COMPILER_APPICON_NAME = AppIcon;
				CODE_SIGN_STYLE = Automatic;
				DEVELOPMENT_TEAM = B73L869R76;
				INFOPLIST_FILE = "segment-test/Info.plist";
				IPHONEOS_DEPLOYMENT_TARGET = 10.0;
				LD_RUNPATH_SEARCH_PATHS = (
					"$(inherited)",
					"@executable_path/Frameworks",
				);
				PRODUCT_BUNDLE_IDENTIFIER = "test.segment-test";
				PRODUCT_NAME = "$(TARGET_NAME)";
				SWIFT_VERSION = 5.0;
				TARGETED_DEVICE_FAMILY = "1,2";
			};
			name = Debug;
		};
		6D0818962326F99B00A95F9A /* Release */ = {
			isa = XCBuildConfiguration;
			baseConfigurationReference = 35FE14C9283108E526956018 /* Pods-segment-test.release.xcconfig */;
			buildSettings = {
				ASSETCATALOG_COMPILER_APPICON_NAME = AppIcon;
				CODE_SIGN_STYLE = Automatic;
				DEVELOPMENT_TEAM = B73L869R76;
				INFOPLIST_FILE = "segment-test/Info.plist";
				IPHONEOS_DEPLOYMENT_TARGET = 10.0;
				LD_RUNPATH_SEARCH_PATHS = (
					"$(inherited)",
					"@executable_path/Frameworks",
				);
				PRODUCT_BUNDLE_IDENTIFIER = "test.segment-test";
				PRODUCT_NAME = "$(TARGET_NAME)";
				SWIFT_VERSION = 5.0;
				TARGETED_DEVICE_FAMILY = "1,2";
			};
			name = Release;
		};
/* End XCBuildConfiguration section */

/* Begin XCConfigurationList section */
		6D08187D2326F99800A95F9A /* Build configuration list for PBXProject "segment-test" */ = {
			isa = XCConfigurationList;
			buildConfigurations = (
				6D0818922326F99B00A95F9A /* Debug */,
				6D0818932326F99B00A95F9A /* Release */,
			);
			defaultConfigurationIsVisible = 0;
			defaultConfigurationName = Release;
		};
		6D0818942326F99B00A95F9A /* Build configuration list for PBXNativeTarget "segment-test" */ = {
			isa = XCConfigurationList;
			buildConfigurations = (
				6D0818952326F99B00A95F9A /* Debug */,
				6D0818962326F99B00A95F9A /* Release */,
			);
			defaultConfigurationIsVisible = 0;
			defaultConfigurationName = Release;
		};
/* End XCConfigurationList section */
	};
	rootObject = 6D08187A2326F99800A95F9A /* Project object */;
}
